dependencies:
- name: postgresql
  repository: https://tip.jfrog.io/artifactory/tip-wlan-cloud-ucentral-helm/
  version: 10.9.2
- name: mysql
  repository: https://tip.jfrog.io/artifactory/tip-wlan-cloud-ucentral-helm/
  version: 8.8.3
- name: mariadb
  repository: https://tip.jfrog.io/artifactory/tip-wlan-cloud-ucentral-helm/
  version: 9.4.2
digest: sha256:e9df5a5d8a0a193bfda33ea06060203aace01f0f7df9eda662a84185322c7ab5
generated: "2022-06-03T15:38:31.063022252+03:00"
