dependencies:
- name: postgresql
  repository: https://charts.bitnami.com/bitnami
  version: 10.9.2
- name: mysql
  repository: https://charts.bitnami.com/bitnami
  version: 8.8.3
- name: mariadb
  repository: https://charts.bitnami.com/bitnami
  version: 9.4.2
digest: sha256:1fdae7cbea906e41dccd8618ff9e2c68d0c684724ae27c79a12bb6089968df5c
generated: "2021-08-17T12:18:40.341427893+03:00"
